
Microsoft Visual Studio Solution File, Format Version 12.00
Project("{FAE04EC0-301F-11D3-BF4B-00C04F79EFBC}") = "THBWebsite", "THBWebsite\THBWebsite.csproj", "{C7058AED-A810-44E3-9772-45BC4C27983C}"
EndProject
Global
	GlobalSection(SolutionConfigurationPlatforms) = preSolution
		Debug|Any CPU = Debug|Any CPU
		Release|Any CPU = Release|Any CPU
	EndGlobalSection
	GlobalSection(ProjectConfigurationPlatforms) = postSolution
		{C7058AED-A810-44E3-9772-45BC4C27983C}.Debug|Any CPU.ActiveCfg = Debug|Any CPU
		{C7058AED-A810-44E3-9772-45BC4C27983C}.Debug|Any CPU.Build.0 = Debug|Any CPU
		{C7058AED-A810-44E3-9772-45BC4C27983C}.Release|Any CPU.ActiveCfg = Release|Any CPU
		{C7058AED-A810-44E3-9772-45BC4C27983C}.Release|Any CPU.Build.0 = Release|Any CPU
	EndGlobalSection
EndGlobal
